
Microsoft Visual Studio Solution File, Format Version 12.00
# Visual Studio Version 17
VisualStudioVersion = 17.13.35825.156 d17.13
MinimumVisualStudioVersion = 10.0.40219.1
Project("{FAE04EC0-301F-11D3-BF4B-00C04F79EFBC}") = "INF272_Practical2", "INF272_Practical2\INF272_Practical2.csproj", "{D91809FA-F361-46BD-9C3E-6AAAED60B276}"
EndProject
Global
	GlobalSection(SolutionConfigurationPlatforms) = preSolution
		Debug|Any CPU = Debug|Any CPU
		Release|Any CPU = Release|Any CPU
	EndGlobalSection
	GlobalSection(ProjectConfigurationPlatforms) = postSolution
		{D91809FA-F361-46BD-9C3E-6AAAED60B276}.Debug|Any CPU.ActiveCfg = Debug|Any CPU
		{D91809FA-F361-46BD-9C3E-6AAAED60B276}.Debug|Any CPU.Build.0 = Debug|Any CPU
		{D91809FA-F361-46BD-9C3E-6AAAED60B276}.Release|Any CPU.ActiveCfg = Release|Any CPU
		{D91809FA-F361-46BD-9C3E-6AAAED60B276}.Release|Any CPU.Build.0 = Release|Any CPU
	EndGlobalSection
	GlobalSection(SolutionProperties) = preSolution
		HideSolutionNode = FALSE
	EndGlobalSection
	GlobalSection(ExtensibilityGlobals) = postSolution
		SolutionGuid = {396E1225-730E-42BD-9272-68234514B311}
	EndGlobalSection
EndGlobal
